
Microsoft Visual Studio Solution File, Format Version 12.00
Project("{FAE04EC0-301F-11D3-BF4B-00C04F79EFBC}") = "VRCDN-Bitrate-Ingest", "VRCDN-Bitrate-Ingest\VRCDN-Bitrate-Ingest.csproj", "{307670F6-51F7-4721-842C-88307CA0E29B}"
EndProject
Project("{2150E333-8FDC-42A3-9474-1A3956D46DE8}") = "Solution Items", "Solution Items", "{A2BBB023-3ACA-468B-8140-75F6D8122AC9}"
	ProjectSection(SolutionItems) = preProject
		docker-compose.yml = docker-compose.yml
	EndProjectSection
EndProject
Global
	GlobalSection(SolutionConfigurationPlatforms) = preSolution
		Debug|Any CPU = Debug|Any CPU
		Release|Any CPU = Release|Any CPU
	EndGlobalSection
	GlobalSection(ProjectConfigurationPlatforms) = postSolution
		{307670F6-51F7-4721-842C-88307CA0E29B}.Debug|Any CPU.ActiveCfg = Debug|Any CPU
		{307670F6-51F7-4721-842C-88307CA0E29B}.Debug|Any CPU.Build.0 = Debug|Any CPU
		{307670F6-51F7-4721-842C-88307CA0E29B}.Release|Any CPU.ActiveCfg = Release|Any CPU
		{307670F6-51F7-4721-842C-88307CA0E29B}.Release|Any CPU.Build.0 = Release|Any CPU
	EndGlobalSection
EndGlobal
